{
  "name": "lries.com",
  "version": "1.0.0",
  "lockfileVersion": 1,
  "requires": true,
  "dependencies": {
    "history-of-nuclear-explosions": {
      "version": "https://api.observablehq.com/@lorenries/history-of-nuclear-explosions.tgz",
      "integrity": "sha512-EYT4BAiDfaRRl6pxppb7odDPpfWmSY3spUUYbEBrY4ztZVr9Kjpw1+ALp6R8kG1gHLb/goZNTysZkPt6rD/lTQ=="
    }
  }
}
